// !$*UTF8*$!
{
	archiveVersion = 1;
	classes = {
	};
	objectVersion = 55;
	objects = {

/* Begin PBXBuildFile section */
		E836781D27243FEA00ED09FB /* SwiftNewAppApp.swift in Sources */ = {isa = PBXBuildFile; fileRef = E836781C27243FEA00ED09FB /* SwiftNewAppApp.swift */; };
		E836781F27243FEA00ED09FB /* ContentView.swift in Sources */ = {isa = PBXBuildFile; fileRef = E836781E27243FEA00ED09FB /* ContentView.swift */; };
		E836782127243FEC00ED09FB /* Assets.xcassets in Resources */ = {isa = PBXBuildFile; fileRef = E836782027243FEC00ED09FB /* Assets.xcassets */; };
		E836782427243FEC00ED09FB /* Preview Assets.xcassets in Resources */ = {isa = PBXBuildFile; fileRef = E836782327243FEC00ED09FB /* Preview Assets.xcassets */; };
		E836782E27243FEC00ED09FB /* SwiftNewAppTests.swift in Sources */ = {isa = PBXBuildFile; fileRef = E836782D27243FEC00ED09FB /* SwiftNewAppTests.swift */; };
		E836783827243FEC00ED09FB /* SwiftNewAppUITests.swift in Sources */ = {isa = PBXBuildFile; fileRef = E836783727243FEC00ED09FB /* SwiftNewAppUITests.swift */; };
		E836783A27243FEC00ED09FB /* SwiftNewAppUITestsLaunchTests.swift in Sources */ = {isa = PBXBuildFile; fileRef = E836783927243FEC00ED09FB /* SwiftNewAppUITestsLaunchTests.swift */; };
/* End PBXBuildFile section */

/* Begin PBXContainerItemProxy section */
		E836782A27243FEC00ED09FB /* PBXContainerItemProxy */ = {
			isa = PBXContainerItemProxy;
			containerPortal = E836781127243FEA00ED09FB /* Project object */;
			proxyType = 1;
			remoteGlobalIDString = E836781827243FEA00ED09FB;
			remoteInfo = SwiftNewApp;
		};
		E836783427243FEC00ED09FB /* PBXContainerItemProxy */ = {
			isa = PBXContainerItemProxy;
			containerPortal = E836781127243FEA00ED09FB /* Project object */;
			proxyType = 1;
			remoteGlobalIDString = E836781827243FEA00ED09FB;
			remoteInfo = SwiftNewApp;
		};
/* End PBXContainerItemProxy section */

/* Begin PBXFileReference section */
		E836781927243FEA00ED09FB /* SwiftNewApp.app */ = {isa = PBXFileReference; explicitFileType = wrapper.application; includeInIndex = 0; path = SwiftNewApp.app; sourceTree = BUILT_PRODUCTS_DIR; };
		E836781C27243FEA00ED09FB /* SwiftNewAppApp.swift */ = {isa = PBXFileReference; lastKnownFileType = sourcecode.swift; path = SwiftNewAppApp.swift; sourceTree = "<group>"; };
		E836781E27243FEA00ED09FB /* ContentView.swift */ = {isa = PBXFileReference; lastKnownFileType = sourcecode.swift; path = ContentView.swift; sourceTree = "<group>"; };
		E836782027243FEC00ED09FB /* Assets.xcassets */ = {isa = PBXFileReference; lastKnownFileType = folder.assetcatalog; path = Assets.xcassets; sourceTree = "<group>"; };
		E836782327243FEC00ED09FB /* Preview Assets.xcassets */ = {isa = PBXFileReference; lastKnownFileType = folder.assetcatalog; path = "Preview Assets.xcassets"; sourceTree = "<group>"; };
		E836782927243FEC00ED09FB /* SwiftNewAppTests.xctest */ = {isa = PBXFileReference; explicitFileType = wrapper.cfbundle; includeInIndex = 0; path = SwiftNewAppTests.xctest; sourceTree = BUILT_PRODUCTS_DIR; };
		E836782D27243FEC00ED09FB /* SwiftNewAppTests.swift */ = {isa = PBXFileReference; lastKnownFileType = sourcecode.swift; path = SwiftNewAppTests.swift; sourceTree = "<group>"; };
		E836783327243FEC00ED09FB /* SwiftNewAppUITests.xctest */ = {isa = PBXFileReference; explicitFileType = wrapper.cfbundle; includeInIndex = 0; path = SwiftNewAppUITests.xctest; sourceTree = BUILT_PRODUCTS_DIR; };
		E836783727243FEC00ED09FB /* SwiftNewAppUITests.swift */ = {isa = PBXFileReference; lastKnownFileType = sourcecode.swift; path = SwiftNewAppUITests.swift; sourceTree = "<group>"; };
		E836783927243FEC00ED09FB /* SwiftNewAppUITestsLaunchTests.swift */ = {isa = PBXFileReference; lastKnownFileType = sourcecode.swift; path = SwiftNewAppUITestsLaunchTests.swift; sourceTree = "<group>"; };
/* End PBXFileReference section */

/* Begin PBXFrameworksBuildPhase section */
		E836781627243FEA00ED09FB /* Frameworks */ = {
			isa = PBXFrameworksBuildPhase;
			buildActionMask = 2147483647;
			files = (
			);
			runOnlyForDeploymentPostprocessing = 0;
		};
		E836782627243FEC00ED09FB /* Frameworks */ = {
			isa = PBXFrameworksBuildPhase;
			buildActionMask = 2147483647;
			files = (
			);
			runOnlyForDeploymentPostprocessing = 0;
		};
		E836783027243FEC00ED09FB /* Frameworks */ = {
			isa = PBXFrameworksBuildPhase;
			buildActionMask = 2147483647;
			files = (
			);
			runOnlyForDeploymentPostprocessing = 0;
		};
/* End PBXFrameworksBuildPhase section */

/* Begin PBXGroup section */
		E836781027243FEA00ED09FB = {
			isa = PBXGroup;
			children = (
				E836781B27243FEA00ED09FB /* SwiftNewApp */,
				E836782C27243FEC00ED09FB /* SwiftNewAppTests */,
				E836783627243FEC00ED09FB /* SwiftNewAppUITests */,
				E836781A27243FEA00ED09FB /* Products */,
			);
			sourceTree = "<group>";
		};
		E836781A27243FEA00ED09FB /* Products */ = {
			isa = PBXGroup;
			children = (
				E836781927243FEA00ED09FB /* SwiftNewApp.app */,
				E836782927243FEC00ED09FB /* SwiftNewAppTests.xctest */,
				E836783327243FEC00ED09FB /* SwiftNewAppUITests.xctest */,
			);
			name = Products;
			sourceTree = "<group>";
		};
		E836781B27243FEA00ED09FB /* SwiftNewApp */ = {
			isa = PBXGroup;
			children = (
				E836781C27243FEA00ED09FB /* SwiftNewAppApp.swift */,
				E836781E27243FEA00ED09FB /* ContentView.swift */,
				E836782027243FEC00ED09FB /* Assets.xcassets */,
				E836782227243FEC00ED09FB /* Preview Content */,
			);
			path = SwiftNewApp;
			sourceTree = "<group>";
		};
		E836782227243FEC00ED09FB /* Preview Content */ = {
			isa = PBXGroup;
			children = (
				E836782327243FEC00ED09FB /* Preview Assets.xcassets */,
			);
			path = "Preview Content";
			sourceTree = "<group>";
		};
		E836782C27243FEC00ED09FB /* SwiftNewAppTests */ = {
			isa = PBXGroup;
			children = (
				E836782D27243FEC00ED09FB /* SwiftNewAppTests.swift */,
			);
			path = SwiftNewAppTests;
			sourceTree = "<group>";
		};
		E836783627243FEC00ED09FB /* SwiftNewAppUITests */ = {
			isa = PBXGroup;
			children = (
				E836783727243FEC00ED09FB /* SwiftNewAppUITests.swift */,
				E836783927243FEC00ED09FB /* SwiftNewAppUITestsLaunchTests.swift */,
			);
			path = SwiftNewAppUITests;
			sourceTree = "<group>";
		};
/* End PBXGroup section */

/* Begin PBXNativeTarget section */
		E836781827243FEA00ED09FB /* SwiftNewApp */ = {
			isa = PBXNativeTarget;
			buildConfigurationList = E836783D27243FEC00ED09FB /* Build configuration list for PBXNativeTarget "SwiftNewApp" */;
			buildPhases = (
				E836781527243FEA00ED09FB /* Sources */,
				E836781627243FEA00ED09FB /* Frameworks */,
				E836781727243FEA00ED09FB /* Resources */,
			);
			buildRules = (
			);
			dependencies = (
			);
			name = SwiftNewApp;
			productName = SwiftNewApp;
			productReference = E836781927243FEA00ED09FB /* SwiftNewApp.app */;
			productType = "com.apple.product-type.application";
		};
		E836782827243FEC00ED09FB /* SwiftNewAppTests */ = {
			isa = PBXNativeTarget;
			buildConfigurationList = E836784027243FEC00ED09FB /* Build configuration list for PBXNativeTarget "SwiftNewAppTests" */;
			buildPhases = (
				E836782527243FEC00ED09FB /* Sources */,
				E836782627243FEC00ED09FB /* Frameworks */,
				E836782727243FEC00ED09FB /* Resources */,
			);
			buildRules = (
			);
			dependencies = (
				E836782B27243FEC00ED09FB /* PBXTargetDependency */,
			);
			name = SwiftNewAppTests;
			productName = SwiftNewAppTests;
			productReference = E836782927243FEC00ED09FB /* SwiftNewAppTests.xctest */;
			productType = "com.apple.product-type.bundle.unit-test";
		};
		E836783227243FEC00ED09FB /* SwiftNewAppUITests */ = {
			isa = PBXNativeTarget;
			buildConfigurationList = E836784327243FEC00ED09FB /* Build configuration list for PBXNativeTarget "SwiftNewAppUITests" */;
			buildPhases = (
				E836782F27243FEC00ED09FB /* Sources */,
				E836783027243FEC00ED09FB /* Frameworks */,
				E836783127243FEC00ED09FB /* Resources */,
			);
			buildRules = (
			);
			dependencies = (
				E836783527243FEC00ED09FB /* PBXTargetDependency */,
			);
			name = SwiftNewAppUITests;
			productName = SwiftNewAppUITests;
			productReference = E836783327243FEC00ED09FB /* SwiftNewAppUITests.xctest */;
			productType = "com.apple.product-type.bundle.ui-testing";
		};
/* End PBXNativeTarget section */

/* Begin PBXProject section */
		E836781127243FEA00ED09FB /* Project object */ = {
			isa = PBXProject;
			attributes = {
				BuildIndependentTargetsInParallel = 1;
				LastSwiftUpdateCheck = 1300;
				LastUpgradeCheck = 1300;
				TargetAttributes = {
					E836781827243FEA00ED09FB = {
						CreatedOnToolsVersion = 13.0;
					};
					E836782827243FEC00ED09FB = {
						CreatedOnToolsVersion = 13.0;
						TestTargetID = E836781827243FEA00ED09FB;
					};
					E836783227243FEC00ED09FB = {
						CreatedOnToolsVersion = 13.0;
						TestTargetID = E836781827243FEA00ED09FB;
					};
				};
			};
			buildConfigurationList = E836781427243FEA00ED09FB /* Build configuration list for PBXProject "SwiftNewApp" */;
			compatibilityVersion = "Xcode 13.0";
			developmentRegion = en;
			hasScannedForEncodings = 0;
			knownRegions = (
				en,
				Base,
			);
			mainGroup = E836781027243FEA00ED09FB;
			productRefGroup = E836781A27243FEA00ED09FB /* Products */;
			projectDirPath = "";
			projectRoot = "";
			targets = (
				E836781827243FEA00ED09FB /* SwiftNewApp */,
				E836782827243FEC00ED09FB /* SwiftNewAppTests */,
				E836783227243FEC00ED09FB /* SwiftNewAppUITests */,
			);
		};
/* End PBXProject section */

/* Begin PBXResourcesBuildPhase section */
		E836781727243FEA00ED09FB /* Resources */ = {
			isa = PBXResourcesBuildPhase;
			buildActionMask = 2147483647;
			files = (
				E836782427243FEC00ED09FB /* Preview Assets.xcassets in Resources */,
				E836782127243FEC00ED09FB /* Assets.xcassets in Resources */,
			);
			runOnlyForDeploymentPostprocessing = 0;
		};
		E836782727243FEC00ED09FB /* Resources */ = {
			isa = PBXResourcesBuildPhase;
			buildActionMask = 2147483647;
			files = (
			);
			runOnlyForDeploymentPostprocessing = 0;
		};
		E836783127243FEC00ED09FB /* Resources */ = {
			isa = PBXResourcesBuildPhase;
			buildActionMask = 2147483647;
			files = (
			);
			runOnlyForDeploymentPostprocessing = 0;
		};
/* End PBXResourcesBuildPhase section */

/* Begin PBXSourcesBuildPhase section */
		E836781527243FEA00ED09FB /* Sources */ = {
			isa = PBXSourcesBuildPhase;
			buildActionMask = 2147483647;
			files = (
				E836781F27243FEA00ED09FB /* ContentView.swift in Sources */,
				E836781D27243FEA00ED09FB /* SwiftNewAppApp.swift in Sources */,
			);
			runOnlyForDeploymentPostprocessing = 0;
		};
		E836782527243FEC00ED09FB /* Sources */ = {
			isa = PBXSourcesBuildPhase;
			buildActionMask = 2147483647;
			files = (
				E836782E27243FEC00ED09FB /* SwiftNewAppTests.swift in Sources */,
			);
			runOnlyForDeploymentPostprocessing = 0;
		};
		E836782F27243FEC00ED09FB /* Sources */ = {
			isa = PBXSourcesBuildPhase;
			buildActionMask = 2147483647;
			files = (
				E836783827243FEC00ED09FB /* SwiftNewAppUITests.swift in Sources */,
				E836783A27243FEC00ED09FB /* SwiftNewAppUITestsLaunchTests.swift in Sources */,
			);
			runOnlyForDeploymentPostprocessing = 0;
		};
/* End PBXSourcesBuildPhase section */

/* Begin PBXTargetDependency section */
		E836782B27243FEC00ED09FB /* PBXTargetDependency */ = {
			isa = PBXTargetDependency;
			target = E836781827243FEA00ED09FB /* SwiftNewApp */;
			targetProxy = E836782A27243FEC00ED09FB /* PBXContainerItemProxy */;
		};
		E836783527243FEC00ED09FB /* PBXTargetDependency */ = {
			isa = PBXTargetDependency;
			target = E836781827243FEA00ED09FB /* SwiftNewApp */;
			targetProxy = E836783427243FEC00ED09FB /* PBXContainerItemProxy */;
		};
/* End PBXTargetDependency section */

/* Begin XCBuildConfiguration section */
		E836783B27243FEC00ED09FB /* Debug */ = {
			isa = XCBuildConfiguration;
			buildSettings = {
				ALWAYS_SEARCH_USER_PATHS = NO;
				CLANG_ANALYZER_NONNULL = YES;
				CLANG_ANALYZER_NUMBER_OBJECT_CONVERSION = YES_AGGRESSIVE;
				CLANG_CXX_LANGUAGE_STANDARD = "gnu++17";
				CLANG_CXX_LIBRARY = "libc++";
				CLANG_ENABLE_MODULES = YES;
				CLANG_ENABLE_OBJC_ARC = YES;
				CLANG_ENABLE_OBJC_WEAK = YES;
				CLANG_WARN_BLOCK_CAPTURE_AUTORELEASING = YES;
				CLANG_WARN_BOOL_CONVERSION = YES;
				CLANG_WARN_COMMA = YES;
				CLANG_WARN_CONSTANT_CONVERSION = YES;
				CLANG_WARN_DEPRECATED_OBJC_IMPLEMENTATIONS = YES;
				CLANG_WARN_DIRECT_OBJC_ISA_USAGE = YES_ERROR;
				CLANG_WARN_DOCUMENTATION_COMMENTS = YES;
				CLANG_WARN_EMPTY_BODY = YES;
				CLANG_WARN_ENUM_CONVERSION = YES;
				CLANG_WARN_INFINITE_RECURSION = YES;
				CLANG_WARN_INT_CONVERSION = YES;
				CLANG_WARN_NON_LITERAL_NULL_CONVERSION = YES;
				CLANG_WARN_OBJC_IMPLICIT_RETAIN_SELF = YES;
				CLANG_WARN_OBJC_LITERAL_CONVERSION = YES;
				CLANG_WARN_OBJC_ROOT_CLASS = YES_ERROR;
				CLANG_WARN_QUOTED_INCLUDE_IN_FRAMEWORK_HEADER = YES;
				CLANG_WARN_RANGE_LOOP_ANALYSIS = YES;
				CLANG_WARN_STRICT_PROTOTYPES = YES;
				CLANG_WARN_SUSPICIOUS_MOVE = YES;
				CLANG_WARN_UNGUARDED_AVAILABILITY = YES_AGGRESSIVE;
				CLANG_WARN_UNREACHABLE_CODE = YES;
				CLANG_WARN__DUPLICATE_METHOD_MATCH = YES;
				COPY_PHASE_STRIP = NO;
				DEBUG_INFORMATION_FORMAT = dwarf;
				ENABLE_STRICT_OBJC_MSGSEND = YES;
				ENABLE_TESTABILITY = YES;
				GCC_C_LANGUAGE_STANDARD = gnu11;
				GCC_DYNAMIC_NO_PIC = NO;
				GCC_NO_COMMON_BLOCKS = YES;
				GCC_OPTIMIZATION_LEVEL = 0;
				GCC_PREPROCESSOR_DEFINITIONS = (
					"DEBUG=1",
					"$(inherited)",
				);
				GCC_WARN_64_TO_32_BIT_CONVERSION = YES;
				GCC_WARN_ABOUT_RETURN_TYPE = YES_ERROR;
				GCC_WARN_UNDECLARED_SELECTOR = YES;
				GCC_WARN_UNINITIALIZED_AUTOS = YES_AGGRESSIVE;
				GCC_WARN_UNUSED_FUNCTION = YES;
				GCC_WARN_UNUSED_VARIABLE = YES;
				IPHONEOS_DEPLOYMENT_TARGET = 15.0;
				MTL_ENABLE_DEBUG_INFO = INCLUDE_SOURCE;
				MTL_FAST_MATH = YES;
				ONLY_ACTIVE_ARCH = YES;
				SDKROOT = iphoneos;
				SWIFT_ACTIVE_COMPILATION_CONDITIONS = DEBUG;
				SWIFT_OPTIMIZATION_LEVEL = "-Onone";
			};
			name = Debug;
		};
		E836783C27243FEC00ED09FB /* Release */ = {
			isa = XCBuildConfiguration;
			buildSettings = {
				ALWAYS_SEARCH_USER_PATHS = NO;
				CLANG_ANALYZER_NONNULL = YES;
				CLANG_ANALYZER_NUMBER_OBJECT_CONVERSION = YES_AGGRESSIVE;
				CLANG_CXX_LANGUAGE_STANDARD = "gnu++17";
				CLANG_CXX_LIBRARY = "libc++";
				CLANG_ENABLE_MODULES = YES;
				CLANG_ENABLE_OBJC_ARC = YES;
				CLANG_ENABLE_OBJC_WEAK = YES;
				CLANG_WARN_BLOCK_CAPTURE_AUTORELEASING = YES;
				CLANG_WARN_BOOL_CONVERSION = YES;
				CLANG_WARN_COMMA = YES;
				CLANG_WARN_CONSTANT_CONVERSION = YES;
				CLANG_WARN_DEPRECATED_OBJC_IMPLEMENTATIONS = YES;
				CLANG_WARN_DIRECT_OBJC_ISA_USAGE = YES_ERROR;
				CLANG_WARN_DOCUMENTATION_COMMENTS = YES;
				CLANG_WARN_EMPTY_BODY = YES;
				CLANG_WARN_ENUM_CONVERSION = YES;
				CLANG_WARN_INFINITE_RECURSION = YES;
				CLANG_WARN_INT_CONVERSION = YES;
				CLANG_WARN_NON_LITERAL_NULL_CONVERSION = YES;
				CLANG_WARN_OBJC_IMPLICIT_RETAIN_SELF = YES;
				CLANG_WARN_OBJC_LITERAL_CONVERSION = YES;
				CLANG_WARN_OBJC_ROOT_CLASS = YES_ERROR;
				CLANG_WARN_QUOTED_INCLUDE_IN_FRAMEWORK_HEADER = YES;
				CLANG_WARN_RANGE_LOOP_ANALYSIS = YES;
				CLANG_WARN_STRICT_PROTOTYPES = YES;
				CLANG_WARN_SUSPICIOUS_MOVE = YES;
				CLANG_WARN_UNGUARDED_AVAILABILITY = YES_AGGRESSIVE;
				CLANG_WARN_UNREACHABLE_CODE = YES;
				CLANG_WARN__DUPLICATE_METHOD_MATCH = YES;
				COPY_PHASE_STRIP = NO;
				DEBUG_INFORMATION_FORMAT = "dwarf-with-dsym";
				ENABLE_NS_ASSERTIONS = NO;
				ENABLE_STRICT_OBJC_MSGSEND = YES;
				GCC_C_LANGUAGE_STANDARD = gnu11;
				GCC_NO_COMMON_BLOCKS = YES;
				GCC_WARN_64_TO_32_BIT_CONVERSION = YES;
				GCC_WARN_ABOUT_RETURN_TYPE = YES_ERROR;
				GCC_WARN_UNDECLARED_SELECTOR = YES;
				GCC_WARN_UNINITIALIZED_AUTOS = YES_AGGRESSIVE;
				GCC_WARN_UNUSED_FUNCTION = YES;
				GCC_WARN_UNUSED_VARIABLE = YES;
				IPHONEOS_DEPLOYMENT_TARGET = 15.0;
				MTL_ENABLE_DEBUG_INFO = NO;
				MTL_FAST_MATH = YES;
				SDKROOT = iphoneos;
				SWIFT_COMPILATION_MODE = wholemodule;
				SWIFT_OPTIMIZATION_LEVEL = "-O";
				VALIDATE_PRODUCT = YES;
			};
			name = Release;
		};
		E836783E27243FEC00ED09FB /* Debug */ = {
			isa = XCBuildConfiguration;
			buildSettings = {
				ASSETCATALOG_COMPILER_APPICON_NAME = AppIcon;
				ASSETCATALOG_COMPILER_GLOBAL_ACCENT_COLOR_NAME = AccentColor;
				CODE_SIGN_STYLE = Automatic;
				CURRENT_PROJECT_VERSION = 1;
				DEVELOPMENT_ASSET_PATHS = "\"SwiftNewApp/Preview Content\"";
				DEVELOPMENT_TEAM = X6TWG32MK2;
				ENABLE_PREVIEWS = YES;
				GENERATE_INFOPLIST_FILE = YES;
				INFOPLIST_KEY_UIApplicationSceneManifest_Generation = YES;
				INFOPLIST_KEY_UIApplicationSupportsIndirectInputEvents = YES;
				INFOPLIST_KEY_UILaunchScreen_Generation = YES;
				INFOPLIST_KEY_UISupportedInterfaceOrientations_iPad = "UIInterfaceOrientationPortrait UIInterfaceOrientationPortraitUpsideDown UIInterfaceOrientationLandscapeLeft UIInterfaceOrientationLandscapeRight";
				INFOPLIST_KEY_UISupportedInterfaceOrientations_iPhone = "UIInterfaceOrientationPortrait UIInterfaceOrientationLandscapeLeft UIInterfaceOrientationLandscapeRight";
				IPHONEOS_DEPLOYMENT_TARGET = 14.0;
				LD_RUNPATH_SEARCH_PATHS = (
					"$(inherited)",
					"@executable_path/Frameworks",
				);
				MARKETING_VERSION = 1.0;
				PRODUCT_BUNDLE_IDENTIFIER = cheddochi.SwiftNewApp;
				PRODUCT_NAME = "$(TARGET_NAME)";
				SWIFT_EMIT_LOC_STRINGS = YES;
				SWIFT_VERSION = 5.0;
				TARGETED_DEVICE_FAMILY = "1,2";
			};
			name = Debug;
		};
		E836783F27243FEC00ED09FB /* Release */ = {
			isa = XCBuildConfiguration;
			buildSettings = {
				ASSETCATALOG_COMPILER_APPICON_NAME = AppIcon;
				ASSETCATALOG_COMPILER_GLOBAL_ACCENT_COLOR_NAME = AccentColor;
				CODE_SIGN_STYLE = Automatic;
				CURRENT_PROJECT_VERSION = 1;
				DEVELOPMENT_ASSET_PATHS = "\"SwiftNewApp/Preview Content\"";
				DEVELOPMENT_TEAM = X6TWG32MK2;
				ENABLE_PREVIEWS = YES;
				GENERATE_INFOPLIST_FILE = YES;
				INFOPLIST_KEY_UIApplicationSceneManifest_Generation = YES;
				INFOPLIST_KEY_UIApplicationSupportsIndirectInputEvents = YES;
				INFOPLIST_KEY_UILaunchScreen_Generation = YES;
				INFOPLIST_KEY_UISupportedInterfaceOrientations_iPad = "UIInterfaceOrientationPortrait UIInterfaceOrientationPortraitUpsideDown UIInterfaceOrientationLandscapeLeft UIInterfaceOrientationLandscapeRight";
				INFOPLIST_KEY_UISupportedInterfaceOrientations_iPhone = "UIInterfaceOrientationPortrait UIInterfaceOrientationLandscapeLeft UIInterfaceOrientationLandscapeRight";
				IPHONEOS_DEPLOYMENT_TARGET = 14.0;
				LD_RUNPATH_SEARCH_PATHS = (
					"$(inherited)",
					"@executable_path/Frameworks",
				);
				MARKETING_VERSION = 1.0;
				PRODUCT_BUNDLE_IDENTIFIER = cheddochi.SwiftNewApp;
				PRODUCT_NAME = "$(TARGET_NAME)";
				SWIFT_EMIT_LOC_STRINGS = YES;
				SWIFT_VERSION = 5.0;
				TARGETED_DEVICE_FAMILY = "1,2";
			};
			name = Release;
		};
		E836784127243FEC00ED09FB /* Debug */ = {
			isa = XCBuildConfiguration;
			buildSettings = {
				ALWAYS_EMBED_SWIFT_STANDARD_LIBRARIES = YES;
				BUNDLE_LOADER = "$(TEST_HOST)";
				CODE_SIGN_STYLE = Automatic;
				CURRENT_PROJECT_VERSION = 1;
				DEVELOPMENT_TEAM = X6TWG32MK2;
				GENERATE_INFOPLIST_FILE = YES;
				IPHONEOS_DEPLOYMENT_TARGET = 14.0;
				LD_RUNPATH_SEARCH_PATHS = (
					"$(inherited)",
					"@executable_path/Frameworks",
					"@loader_path/Frameworks",
				);
				MARKETING_VERSION = 1.0;
				PRODUCT_BUNDLE_IDENTIFIER = cheddochi.SwiftNewAppTests;
				PRODUCT_NAME = "$(TARGET_NAME)";
				SWIFT_EMIT_LOC_STRINGS = NO;
				SWIFT_VERSION = 5.0;
				TARGETED_DEVICE_FAMILY = "1,2";
				TEST_HOST = "$(BUILT_PRODUCTS_DIR)/SwiftNewApp.app/SwiftNewApp";
			};
			name = Debug;
		};
		E836784227243FEC00ED09FB /* Release */ = {
			isa = XCBuildConfiguration;
			buildSettings = {
				ALWAYS_EMBED_SWIFT_STANDARD_LIBRARIES = YES;
				BUNDLE_LOADER = "$(TEST_HOST)";
				CODE_SIGN_STYLE = Automatic;
				CURRENT_PROJECT_VERSION = 1;
				DEVELOPMENT_TEAM = X6TWG32MK2;
				GENERATE_INFOPLIST_FILE = YES;
				IPHONEOS_DEPLOYMENT_TARGET = 14.0;
				LD_RUNPATH_SEARCH_PATHS = (
					"$(inherited)",
					"@executable_path/Frameworks",
					"@loader_path/Frameworks",
				);
				MARKETING_VERSION = 1.0;
				PRODUCT_BUNDLE_IDENTIFIER = cheddochi.SwiftNewAppTests;
				PRODUCT_NAME = "$(TARGET_NAME)";
				SWIFT_EMIT_LOC_STRINGS = NO;
				SWIFT_VERSION = 5.0;
				TARGETED_DEVICE_FAMILY = "1,2";
				TEST_HOST = "$(BUILT_PRODUCTS_DIR)/SwiftNewApp.app/SwiftNewApp";
			};
			name = Release;
		};
		E836784427243FEC00ED09FB /* Debug */ = {
			isa = XCBuildConfiguration;
			buildSettings = {
				ALWAYS_EMBED_SWIFT_STANDARD_LIBRARIES = YES;
				CODE_SIGN_STYLE = Automatic;
				CURRENT_PROJECT_VERSION = 1;
				DEVELOPMENT_TEAM = X6TWG32MK2;
				GENERATE_INFOPLIST_FILE = YES;
				LD_RUNPATH_SEARCH_PATHS = (
					"$(inherited)",
					"@executable_path/Frameworks",
					"@loader_path/Frameworks",
				);
				MARKETING_VERSION = 1.0;
				PRODUCT_BUNDLE_IDENTIFIER = cheddochi.SwiftNewAppUITests;
				PRODUCT_NAME = "$(TARGET_NAME)";
				SWIFT_EMIT_LOC_STRINGS = NO;
				SWIFT_VERSION = 5.0;
				TARGETED_DEVICE_FAMILY = "1,2";
				TEST_TARGET_NAME = SwiftNewApp;
			};
			name = Debug;
		};
		E836784527243FEC00ED09FB /* Release */ = {
			isa = XCBuildConfiguration;
			buildSettings = {
				ALWAYS_EMBED_SWIFT_STANDARD_LIBRARIES = YES;
				CODE_SIGN_STYLE = Automatic;
				CURRENT_PROJECT_VERSION = 1;
				DEVELOPMENT_TEAM = X6TWG32MK2;
				GENERATE_INFOPLIST_FILE = YES;
				LD_RUNPATH_SEARCH_PATHS = (
					"$(inherited)",
					"@executable_path/Frameworks",
					"@loader_path/Frameworks",
				);
				MARKETING_VERSION = 1.0;
				PRODUCT_BUNDLE_IDENTIFIER = cheddochi.SwiftNewAppUITests;
				PRODUCT_NAME = "$(TARGET_NAME)";
				SWIFT_EMIT_LOC_STRINGS = NO;
				SWIFT_VERSION = 5.0;
				TARGETED_DEVICE_FAMILY = "1,2";
				TEST_TARGET_NAME = SwiftNewApp;
			};
			name = Release;
		};
/* End XCBuildConfiguration section */

/* Begin XCConfigurationList section */
		E836781427243FEA00ED09FB /* Build configuration list for PBXProject "SwiftNewApp" */ = {
			isa = XCConfigurationList;
			buildConfigurations = (
				E836783B27243FEC00ED09FB /* Debug */,
				E836783C27243FEC00ED09FB /* Release */,
			);
			defaultConfigurationIsVisible = 0;
			defaultConfigurationName = Release;
		};
		E836783D27243FEC00ED09FB /* Build configuration list for PBXNativeTarget "SwiftNewApp" */ = {
			isa = XCConfigurationList;
			buildConfigurations = (
				E836783E27243FEC00ED09FB /* Debug */,
				E836783F27243FEC00ED09FB /* Release */,
			);
			defaultConfigurationIsVisible = 0;
			defaultConfigurationName = Release;
		};
		E836784027243FEC00ED09FB /* Build configuration list for PBXNativeTarget "SwiftNewAppTests" */ = {
			isa = XCConfigurationList;
			buildConfigurations = (
				E836784127243FEC00ED09FB /* Debug */,
				E836784227243FEC00ED09FB /* Release */,
			);
			defaultConfigurationIsVisible = 0;
			defaultConfigurationName = Release;
		};
		E836784327243FEC00ED09FB /* Build configuration list for PBXNativeTarget "SwiftNewAppUITests" */ = {
			isa = XCConfigurationList;
			buildConfigurations = (
				E836784427243FEC00ED09FB /* Debug */,
				E836784527243FEC00ED09FB /* Release */,
			);
			defaultConfigurationIsVisible = 0;
			defaultConfigurationName = Release;
		};
/* End XCConfigurationList section */
	};
	rootObject = E836781127243FEA00ED09FB /* Project object */;
}
